
Microsoft Visual Studio Solution File, Format Version 12.00
# Visual Studio Version 17
VisualStudioVersion = 17.7.34024.191
MinimumVisualStudioVersion = 10.0.40219.1
Project("{FAE04EC0-301F-11D3-BF4B-00C04F79EFBC}") = "Two-Zero-Forty-Eight Adventures", "Two-Zero-Forty-Eight Adventures\Two-Zero-Forty-Eight Adventures.csproj", "{67D08150-5082-4113-BBDD-FCFCBD80D425}"
EndProject
Global
	GlobalSection(SolutionConfigurationPlatforms) = preSolution
		Debug|Any CPU = Debug|Any CPU
		Release|Any CPU = Release|Any CPU
	EndGlobalSection
	GlobalSection(ProjectConfigurationPlatforms) = postSolution
		{67D08150-5082-4113-BBDD-FCFCBD80D425}.Debug|Any CPU.ActiveCfg = Debug|Any CPU
		{67D08150-5082-4113-BBDD-FCFCBD80D425}.Debug|Any CPU.Build.0 = Debug|Any CPU
		{67D08150-5082-4113-BBDD-FCFCBD80D425}.Release|Any CPU.ActiveCfg = Release|Any CPU
		{67D08150-5082-4113-BBDD-FCFCBD80D425}.Release|Any CPU.Build.0 = Release|Any CPU
	EndGlobalSection
	GlobalSection(SolutionProperties) = preSolution
		HideSolutionNode = FALSE
	EndGlobalSection
	GlobalSection(ExtensibilityGlobals) = postSolution
		SolutionGuid = {0247D9F1-0C47-4CEF-B77F-085867252B25}
	EndGlobalSection
EndGlobal
